
Microsoft Visual Studio Solution File, Format Version 12.00
# Visual Studio Version 17
VisualStudioVersion = 17.10.34928.147
MinimumVisualStudioVersion = 10.0.40219.1
Project("{9A19103F-16F7-4668-BE54-9A1E7A4F7556}") = "USB_IO2", "USB_IO2\USB_IO2.csproj", "{F9CB1629-FB80-4A10-A5DE-6F3789EAEB4B}"
	ProjectSection(ProjectDependencies) = postProject
		{40D43C59-1270-476F-B027-73ECB3263276} = {40D43C59-1270-476F-B027-73ECB3263276}
		{89EE6282-A8CF-4060-8D27-0E00C621140A} = {89EE6282-A8CF-4060-8D27-0E00C621140A}
	EndProjectSection
EndProject
Project("{9A19103F-16F7-4668-BE54-9A1E7A4F7556}") = "Notify", "Notify\Notify.csproj", "{40D43C59-1270-476F-B027-73ECB3263276}"
EndProject
Project("{9A19103F-16F7-4668-BE54-9A1E7A4F7556}") = "USBGPIO", "USBGPIO\USBGPIO.csproj", "{89EE6282-A8CF-4060-8D27-0E00C621140A}"
EndProject
Global
	GlobalSection(SolutionConfigurationPlatforms) = preSolution
		Debug|Any CPU = Debug|Any CPU
		Release|Any CPU = Release|Any CPU
	EndGlobalSection
	GlobalSection(ProjectConfigurationPlatforms) = postSolution
		{F9CB1629-FB80-4A10-A5DE-6F3789EAEB4B}.Debug|Any CPU.ActiveCfg = Debug|Any CPU
		{F9CB1629-FB80-4A10-A5DE-6F3789EAEB4B}.Debug|Any CPU.Build.0 = Debug|Any CPU
		{F9CB1629-FB80-4A10-A5DE-6F3789EAEB4B}.Release|Any CPU.ActiveCfg = Release|Any CPU
		{F9CB1629-FB80-4A10-A5DE-6F3789EAEB4B}.Release|Any CPU.Build.0 = Release|Any CPU
		{40D43C59-1270-476F-B027-73ECB3263276}.Debug|Any CPU.ActiveCfg = Debug|Any CPU
		{40D43C59-1270-476F-B027-73ECB3263276}.Debug|Any CPU.Build.0 = Debug|Any CPU
		{40D43C59-1270-476F-B027-73ECB3263276}.Release|Any CPU.ActiveCfg = Release|Any CPU
		{40D43C59-1270-476F-B027-73ECB3263276}.Release|Any CPU.Build.0 = Release|Any CPU
		{89EE6282-A8CF-4060-8D27-0E00C621140A}.Debug|Any CPU.ActiveCfg = Debug|Any CPU
		{89EE6282-A8CF-4060-8D27-0E00C621140A}.Debug|Any CPU.Build.0 = Debug|Any CPU
		{89EE6282-A8CF-4060-8D27-0E00C621140A}.Release|Any CPU.ActiveCfg = Release|Any CPU
		{89EE6282-A8CF-4060-8D27-0E00C621140A}.Release|Any CPU.Build.0 = Release|Any CPU
	EndGlobalSection
	GlobalSection(SolutionProperties) = preSolution
		HideSolutionNode = FALSE
	EndGlobalSection
	GlobalSection(ExtensibilityGlobals) = postSolution
		SolutionGuid = {C998B42C-3833-4449-8A14-EE76E2EE09DC}
	EndGlobalSection
EndGlobal
